// !$*UTF8*$!
{
	archiveVersion = 1;
	classes = {
	};
	objectVersion = 50;
	objects = {

/* Begin PBXBuildFile section */
		8E6C74F42532B39E00B37877 /* FinalProjectApp.swift in Sources */ = {isa = PBXBuildFile; fileRef = 8E6C74F32532B39E00B37877 /* FinalProjectApp.swift */; };
		8E6C74F62532B39E00B37877 /* ContentView.swift in Sources */ = {isa = PBXBuildFile; fileRef = 8E6C74F52532B39E00B37877 /* ContentView.swift */; };
		8E6C74F82532B3A100B37877 /* Assets.xcassets in Resources */ = {isa = PBXBuildFile; fileRef = 8E6C74F72532B3A100B37877 /* Assets.xcassets */; };
		8E6C74FB2532B3A100B37877 /* Preview Assets.xcassets in Resources */ = {isa = PBXBuildFile; fileRef = 8E6C74FA2532B3A100B37877 /* Preview Assets.xcassets */; };
		8E6C75062532B3A100B37877 /* FinalProjectTests.swift in Sources */ = {isa = PBXBuildFile; fileRef = 8E6C75052532B3A100B37877 /* FinalProjectTests.swift */; };
		8E6C75112532B3A100B37877 /* FinalProjectUITests.swift in Sources */ = {isa = PBXBuildFile; fileRef = 8E6C75102532B3A100B37877 /* FinalProjectUITests.swift */; };
		8E6C75222532B5BA00B37877 /* HomeView.swift in Sources */ = {isa = PBXBuildFile; fileRef = 8E6C75212532B5BA00B37877 /* HomeView.swift */; };
		8E6C752A2537AD8600B37877 /* AddProductView.swift in Sources */ = {isa = PBXBuildFile; fileRef = 8E6C75292537AD8600B37877 /* AddProductView.swift */; };
		8E6C752F2537B3D400B37877 /* HomeViewCustomer.swift in Sources */ = {isa = PBXBuildFile; fileRef = 8E6C752E2537B3D400B37877 /* HomeViewCustomer.swift */; };
		8E6C7534253A7D4D00B37877 /* CartView.swift in Sources */ = {isa = PBXBuildFile; fileRef = 8E6C7533253A7D4D00B37877 /* CartView.swift */; };
/* End PBXBuildFile section */

/* Begin PBXContainerItemProxy section */
		8E6C75022532B3A100B37877 /* PBXContainerItemProxy */ = {
			isa = PBXContainerItemProxy;
			containerPortal = 8E6C74E82532B39E00B37877 /* Project object */;
			proxyType = 1;
			remoteGlobalIDString = 8E6C74EF2532B39E00B37877;
			remoteInfo = FinalProject;
		};
		8E6C750D2532B3A100B37877 /* PBXContainerItemProxy */ = {
			isa = PBXContainerItemProxy;
			containerPortal = 8E6C74E82532B39E00B37877 /* Project object */;
			proxyType = 1;
			remoteGlobalIDString = 8E6C74EF2532B39E00B37877;
			remoteInfo = FinalProject;
		};
/* End PBXContainerItemProxy section */

/* Begin PBXFileReference section */
		8E6C74F02532B39E00B37877 /* FinalProject.app */ = {isa = PBXFileReference; explicitFileType = wrapper.application; includeInIndex = 0; path = FinalProject.app; sourceTree = BUILT_PRODUCTS_DIR; };
		8E6C74F32532B39E00B37877 /* FinalProjectApp.swift */ = {isa = PBXFileReference; lastKnownFileType = sourcecode.swift; path = FinalProjectApp.swift; sourceTree = "<group>"; };
		8E6C74F52532B39E00B37877 /* ContentView.swift */ = {isa = PBXFileReference; lastKnownFileType = sourcecode.swift; path = ContentView.swift; sourceTree = "<group>"; };
		8E6C74F72532B3A100B37877 /* Assets.xcassets */ = {isa = PBXFileReference; lastKnownFileType = folder.assetcatalog; path = Assets.xcassets; sourceTree = "<group>"; };
		8E6C74FA2532B3A100B37877 /* Preview Assets.xcassets */ = {isa = PBXFileReference; lastKnownFileType = folder.assetcatalog; path = "Preview Assets.xcassets"; sourceTree = "<group>"; };
		8E6C74FC2532B3A100B37877 /* Info.plist */ = {isa = PBXFileReference; lastKnownFileType = text.plist.xml; path = Info.plist; sourceTree = "<group>"; };
		8E6C75012532B3A100B37877 /* FinalProjectTests.xctest */ = {isa = PBXFileReference; explicitFileType = wrapper.cfbundle; includeInIndex = 0; path = FinalProjectTests.xctest; sourceTree = BUILT_PRODUCTS_DIR; };
		8E6C75052532B3A100B37877 /* FinalProjectTests.swift */ = {isa = PBXFileReference; lastKnownFileType = sourcecode.swift; path = FinalProjectTests.swift; sourceTree = "<group>"; };
		8E6C75072532B3A100B37877 /* Info.plist */ = {isa = PBXFileReference; lastKnownFileType = text.plist.xml; path = Info.plist; sourceTree = "<group>"; };
		8E6C750C2532B3A100B37877 /* FinalProjectUITests.xctest */ = {isa = PBXFileReference; explicitFileType = wrapper.cfbundle; includeInIndex = 0; path = FinalProjectUITests.xctest; sourceTree = BUILT_PRODUCTS_DIR; };
		8E6C75102532B3A100B37877 /* FinalProjectUITests.swift */ = {isa = PBXFileReference; lastKnownFileType = sourcecode.swift; path = FinalProjectUITests.swift; sourceTree = "<group>"; };
		8E6C75122532B3A100B37877 /* Info.plist */ = {isa = PBXFileReference; lastKnownFileType = text.plist.xml; path = Info.plist; sourceTree = "<group>"; };
		8E6C75212532B5BA00B37877 /* HomeView.swift */ = {isa = PBXFileReference; lastKnownFileType = sourcecode.swift; path = HomeView.swift; sourceTree = "<group>"; };
		8E6C75292537AD8600B37877 /* AddProductView.swift */ = {isa = PBXFileReference; lastKnownFileType = sourcecode.swift; path = AddProductView.swift; sourceTree = "<group>"; };
		8E6C752E2537B3D400B37877 /* HomeViewCustomer.swift */ = {isa = PBXFileReference; lastKnownFileType = sourcecode.swift; path = HomeViewCustomer.swift; sourceTree = "<group>"; };
		8E6C7533253A7D4D00B37877 /* CartView.swift */ = {isa = PBXFileReference; lastKnownFileType = sourcecode.swift; path = CartView.swift; sourceTree = "<group>"; };
/* End PBXFileReference section */

/* Begin PBXFrameworksBuildPhase section */
		8E6C74ED2532B39E00B37877 /* Frameworks */ = {
			isa = PBXFrameworksBuildPhase;
			buildActionMask = 2147483647;
			files = (
			);
			runOnlyForDeploymentPostprocessing = 0;
		};
		8E6C74FE2532B3A100B37877 /* Frameworks */ = {
			isa = PBXFrameworksBuildPhase;
			buildActionMask = 2147483647;
			files = (
			);
			runOnlyForDeploymentPostprocessing = 0;
		};
		8E6C75092532B3A100B37877 /* Frameworks */ = {
			isa = PBXFrameworksBuildPhase;
			buildActionMask = 2147483647;
			files = (
			);
			runOnlyForDeploymentPostprocessing = 0;
		};
/* End PBXFrameworksBuildPhase section */

/* Begin PBXGroup section */
		8E6C74E72532B39E00B37877 = {
			isa = PBXGroup;
			children = (
				8E6C74F22532B39E00B37877 /* FinalProject */,
				8E6C75042532B3A100B37877 /* FinalProjectTests */,
				8E6C750F2532B3A100B37877 /* FinalProjectUITests */,
				8E6C74F12532B39E00B37877 /* Products */,
			);
			sourceTree = "<group>";
		};
		8E6C74F12532B39E00B37877 /* Products */ = {
			isa = PBXGroup;
			children = (
				8E6C74F02532B39E00B37877 /* FinalProject.app */,
				8E6C75012532B3A100B37877 /* FinalProjectTests.xctest */,
				8E6C750C2532B3A100B37877 /* FinalProjectUITests.xctest */,
			);
			name = Products;
			sourceTree = "<group>";
		};
		8E6C74F22532B39E00B37877 /* FinalProject */ = {
			isa = PBXGroup;
			children = (
				8E6C74F32532B39E00B37877 /* FinalProjectApp.swift */,
				8E6C752E2537B3D400B37877 /* HomeViewCustomer.swift */,
				8E6C75292537AD8600B37877 /* AddProductView.swift */,
				8E6C74F52532B39E00B37877 /* ContentView.swift */,
				8E6C75212532B5BA00B37877 /* HomeView.swift */,
				8E6C74F72532B3A100B37877 /* Assets.xcassets */,
				8E6C74FC2532B3A100B37877 /* Info.plist */,
				8E6C74F92532B3A100B37877 /* Preview Content */,
				8E6C7533253A7D4D00B37877 /* CartView.swift */,
			);
			path = FinalProject;
			sourceTree = "<group>";
		};
		8E6C74F92532B3A100B37877 /* Preview Content */ = {
			isa = PBXGroup;
			children = (
				8E6C74FA2532B3A100B37877 /* Preview Assets.xcassets */,
			);
			path = "Preview Content";
			sourceTree = "<group>";
		};
		8E6C75042532B3A100B37877 /* FinalProjectTests */ = {
			isa = PBXGroup;
			children = (
				8E6C75052532B3A100B37877 /* FinalProjectTests.swift */,
				8E6C75072532B3A100B37877 /* Info.plist */,
			);
			path = FinalProjectTests;
			sourceTree = "<group>";
		};
		8E6C750F2532B3A100B37877 /* FinalProjectUITests */ = {
			isa = PBXGroup;
			children = (
				8E6C75102532B3A100B37877 /* FinalProjectUITests.swift */,
				8E6C75122532B3A100B37877 /* Info.plist */,
			);
			path = FinalProjectUITests;
			sourceTree = "<group>";
		};
/* End PBXGroup section */

/* Begin PBXNativeTarget section */
		8E6C74EF2532B39E00B37877 /* FinalProject */ = {
			isa = PBXNativeTarget;
			buildConfigurationList = 8E6C75152532B3A100B37877 /* Build configuration list for PBXNativeTarget "FinalProject" */;
			buildPhases = (
				8E6C74EC2532B39E00B37877 /* Sources */,
				8E6C74ED2532B39E00B37877 /* Frameworks */,
				8E6C74EE2532B39E00B37877 /* Resources */,
			);
			buildRules = (
			);
			dependencies = (
			);
			name = FinalProject;
			productName = FinalProject;
			productReference = 8E6C74F02532B39E00B37877 /* FinalProject.app */;
			productType = "com.apple.product-type.application";
		};
		8E6C75002532B3A100B37877 /* FinalProjectTests */ = {
			isa = PBXNativeTarget;
			buildConfigurationList = 8E6C75182532B3A100B37877 /* Build configuration list for PBXNativeTarget "FinalProjectTests" */;
			buildPhases = (
				8E6C74FD2532B3A100B37877 /* Sources */,
				8E6C74FE2532B3A100B37877 /* Frameworks */,
				8E6C74FF2532B3A100B37877 /* Resources */,
			);
			buildRules = (
			);
			dependencies = (
				8E6C75032532B3A100B37877 /* PBXTargetDependency */,
			);
			name = FinalProjectTests;
			productName = FinalProjectTests;
			productReference = 8E6C75012532B3A100B37877 /* FinalProjectTests.xctest */;
			productType = "com.apple.product-type.bundle.unit-test";
		};
		8E6C750B2532B3A100B37877 /* FinalProjectUITests */ = {
			isa = PBXNativeTarget;
			buildConfigurationList = 8E6C751B2532B3A100B37877 /* Build configuration list for PBXNativeTarget "FinalProjectUITests" */;
			buildPhases = (
				8E6C75082532B3A100B37877 /* Sources */,
				8E6C75092532B3A100B37877 /* Frameworks */,
				8E6C750A2532B3A100B37877 /* Resources */,
			);
			buildRules = (
			);
			dependencies = (
				8E6C750E2532B3A100B37877 /* PBXTargetDependency */,
			);
			name = FinalProjectUITests;
			productName = FinalProjectUITests;
			productReference = 8E6C750C2532B3A100B37877 /* FinalProjectUITests.xctest */;
			productType = "com.apple.product-type.bundle.ui-testing";
		};
/* End PBXNativeTarget section */

/* Begin PBXProject section */
		8E6C74E82532B39E00B37877 /* Project object */ = {
			isa = PBXProject;
			attributes = {
				LastSwiftUpdateCheck = 1200;
				LastUpgradeCheck = 1200;
				TargetAttributes = {
					8E6C74EF2532B39E00B37877 = {
						CreatedOnToolsVersion = 12.0.1;
					};
					8E6C75002532B3A100B37877 = {
						CreatedOnToolsVersion = 12.0.1;
						TestTargetID = 8E6C74EF2532B39E00B37877;
					};
					8E6C750B2532B3A100B37877 = {
						CreatedOnToolsVersion = 12.0.1;
						TestTargetID = 8E6C74EF2532B39E00B37877;
					};
				};
			};
			buildConfigurationList = 8E6C74EB2532B39E00B37877 /* Build configuration list for PBXProject "FinalProject" */;
			compatibilityVersion = "Xcode 9.3";
			developmentRegion = en;
			hasScannedForEncodings = 0;
			knownRegions = (
				en,
				Base,
			);
			mainGroup = 8E6C74E72532B39E00B37877;
			productRefGroup = 8E6C74F12532B39E00B37877 /* Products */;
			projectDirPath = "";
			projectRoot = "";
			targets = (
				8E6C74EF2532B39E00B37877 /* FinalProject */,
				8E6C75002532B3A100B37877 /* FinalProjectTests */,
				8E6C750B2532B3A100B37877 /* FinalProjectUITests */,
			);
		};
/* End PBXProject section */

/* Begin PBXResourcesBuildPhase section */
		8E6C74EE2532B39E00B37877 /* Resources */ = {
			isa = PBXResourcesBuildPhase;
			buildActionMask = 2147483647;
			files = (
				8E6C74FB2532B3A100B37877 /* Preview Assets.xcassets in Resources */,
				8E6C74F82532B3A100B37877 /* Assets.xcassets in Resources */,
			);
			runOnlyForDeploymentPostprocessing = 0;
		};
		8E6C74FF2532B3A100B37877 /* Resources */ = {
			isa = PBXResourcesBuildPhase;
			buildActionMask = 2147483647;
			files = (
			);
			runOnlyForDeploymentPostprocessing = 0;
		};
		8E6C750A2532B3A100B37877 /* Resources */ = {
			isa = PBXResourcesBuildPhase;
			buildActionMask = 2147483647;
			files = (
			);
			runOnlyForDeploymentPostprocessing = 0;
		};
/* End PBXResourcesBuildPhase section */

/* Begin PBXSourcesBuildPhase section */
		8E6C74EC2532B39E00B37877 /* Sources */ = {
			isa = PBXSourcesBuildPhase;
			buildActionMask = 2147483647;
			files = (
				8E6C7534253A7D4D00B37877 /* CartView.swift in Sources */,
				8E6C752A2537AD8600B37877 /* AddProductView.swift in Sources */,
				8E6C75222532B5BA00B37877 /* HomeView.swift in Sources */,
				8E6C74F62532B39E00B37877 /* ContentView.swift in Sources */,
				8E6C752F2537B3D400B37877 /* HomeViewCustomer.swift in Sources */,
				8E6C74F42532B39E00B37877 /* FinalProjectApp.swift in Sources */,
			);
			runOnlyForDeploymentPostprocessing = 0;
		};
		8E6C74FD2532B3A100B37877 /* Sources */ = {
			isa = PBXSourcesBuildPhase;
			buildActionMask = 2147483647;
			files = (
				8E6C75062532B3A100B37877 /* FinalProjectTests.swift in Sources */,
			);
			runOnlyForDeploymentPostprocessing = 0;
		};
		8E6C75082532B3A100B37877 /* Sources */ = {
			isa = PBXSourcesBuildPhase;
			buildActionMask = 2147483647;
			files = (
				8E6C75112532B3A100B37877 /* FinalProjectUITests.swift in Sources */,
			);
			runOnlyForDeploymentPostprocessing = 0;
		};
/* End PBXSourcesBuildPhase section */

/* Begin PBXTargetDependency section */
		8E6C75032532B3A100B37877 /* PBXTargetDependency */ = {
			isa = PBXTargetDependency;
			target = 8E6C74EF2532B39E00B37877 /* FinalProject */;
			targetProxy = 8E6C75022532B3A100B37877 /* PBXContainerItemProxy */;
		};
		8E6C750E2532B3A100B37877 /* PBXTargetDependency */ = {
			isa = PBXTargetDependency;
			target = 8E6C74EF2532B39E00B37877 /* FinalProject */;
			targetProxy = 8E6C750D2532B3A100B37877 /* PBXContainerItemProxy */;
		};
/* End PBXTargetDependency section */

/* Begin XCBuildConfiguration section */
		8E6C75132532B3A100B37877 /* Debug */ = {
			isa = XCBuildConfiguration;
			buildSettings = {
				ALWAYS_SEARCH_USER_PATHS = NO;
				CLANG_ANALYZER_NONNULL = YES;
				CLANG_ANALYZER_NUMBER_OBJECT_CONVERSION = YES_AGGRESSIVE;
				CLANG_CXX_LANGUAGE_STANDARD = "gnu++14";
				CLANG_CXX_LIBRARY = "libc++";
				CLANG_ENABLE_MODULES = YES;
				CLANG_ENABLE_OBJC_ARC = YES;
				CLANG_ENABLE_OBJC_WEAK = YES;
				CLANG_WARN_BLOCK_CAPTURE_AUTORELEASING = YES;
				CLANG_WARN_BOOL_CONVERSION = YES;
				CLANG_WARN_COMMA = YES;
				CLANG_WARN_CONSTANT_CONVERSION = YES;
				CLANG_WARN_DEPRECATED_OBJC_IMPLEMENTATIONS = YES;
				CLANG_WARN_DIRECT_OBJC_ISA_USAGE = YES_ERROR;
				CLANG_WARN_DOCUMENTATION_COMMENTS = YES;
				CLANG_WARN_EMPTY_BODY = YES;
				CLANG_WARN_ENUM_CONVERSION = YES;
				CLANG_WARN_INFINITE_RECURSION = YES;
				CLANG_WARN_INT_CONVERSION = YES;
				CLANG_WARN_NON_LITERAL_NULL_CONVERSION = YES;
				CLANG_WARN_OBJC_IMPLICIT_RETAIN_SELF = YES;
				CLANG_WARN_OBJC_LITERAL_CONVERSION = YES;
				CLANG_WARN_OBJC_ROOT_CLASS = YES_ERROR;
				CLANG_WARN_QUOTED_INCLUDE_IN_FRAMEWORK_HEADER = YES;
				CLANG_WARN_RANGE_LOOP_ANALYSIS = YES;
				CLANG_WARN_STRICT_PROTOTYPES = YES;
				CLANG_WARN_SUSPICIOUS_MOVE = YES;
				CLANG_WARN_UNGUARDED_AVAILABILITY = YES_AGGRESSIVE;
				CLANG_WARN_UNREACHABLE_CODE = YES;
				CLANG_WARN__DUPLICATE_METHOD_MATCH = YES;
				COPY_PHASE_STRIP = NO;
				DEBUG_INFORMATION_FORMAT = dwarf;
				ENABLE_STRICT_OBJC_MSGSEND = YES;
				ENABLE_TESTABILITY = YES;
				GCC_C_LANGUAGE_STANDARD = gnu11;
				GCC_DYNAMIC_NO_PIC = NO;
				GCC_NO_COMMON_BLOCKS = YES;
				GCC_OPTIMIZATION_LEVEL = 0;
				GCC_PREPROCESSOR_DEFINITIONS = (
					"DEBUG=1",
					"$(inherited)",
				);
				GCC_WARN_64_TO_32_BIT_CONVERSION = YES;
				GCC_WARN_ABOUT_RETURN_TYPE = YES_ERROR;
				GCC_WARN_UNDECLARED_SELECTOR = YES;
				GCC_WARN_UNINITIALIZED_AUTOS = YES_AGGRESSIVE;
				GCC_WARN_UNUSED_FUNCTION = YES;
				GCC_WARN_UNUSED_VARIABLE = YES;
				IPHONEOS_DEPLOYMENT_TARGET = 14.0;
				MTL_ENABLE_DEBUG_INFO = INCLUDE_SOURCE;
				MTL_FAST_MATH = YES;
				ONLY_ACTIVE_ARCH = YES;
				SDKROOT = iphoneos;
				SWIFT_ACTIVE_COMPILATION_CONDITIONS = DEBUG;
				SWIFT_OPTIMIZATION_LEVEL = "-Onone";
			};
			name = Debug;
		};
		8E6C75142532B3A100B37877 /* Release */ = {
			isa = XCBuildConfiguration;
			buildSettings = {
				ALWAYS_SEARCH_USER_PATHS = NO;
				CLANG_ANALYZER_NONNULL = YES;
				CLANG_ANALYZER_NUMBER_OBJECT_CONVERSION = YES_AGGRESSIVE;
				CLANG_CXX_LANGUAGE_STANDARD = "gnu++14";
				CLANG_CXX_LIBRARY = "libc++";
				CLANG_ENABLE_MODULES = YES;
				CLANG_ENABLE_OBJC_ARC = YES;
				CLANG_ENABLE_OBJC_WEAK = YES;
				CLANG_WARN_BLOCK_CAPTURE_AUTORELEASING = YES;
				CLANG_WARN_BOOL_CONVERSION = YES;
				CLANG_WARN_COMMA = YES;
				CLANG_WARN_CONSTANT_CONVERSION = YES;
				CLANG_WARN_DEPRECATED_OBJC_IMPLEMENTATIONS = YES;
				CLANG_WARN_DIRECT_OBJC_ISA_USAGE = YES_ERROR;
				CLANG_WARN_DOCUMENTATION_COMMENTS = YES;
				CLANG_WARN_EMPTY_BODY = YES;
				CLANG_WARN_ENUM_CONVERSION = YES;
				CLANG_WARN_INFINITE_RECURSION = YES;
				CLANG_WARN_INT_CONVERSION = YES;
				CLANG_WARN_NON_LITERAL_NULL_CONVERSION = YES;
				CLANG_WARN_OBJC_IMPLICIT_RETAIN_SELF = YES;
				CLANG_WARN_OBJC_LITERAL_CONVERSION = YES;
				CLANG_WARN_OBJC_ROOT_CLASS = YES_ERROR;
				CLANG_WARN_QUOTED_INCLUDE_IN_FRAMEWORK_HEADER = YES;
				CLANG_WARN_RANGE_LOOP_ANALYSIS = YES;
				CLANG_WARN_STRICT_PROTOTYPES = YES;
				CLANG_WARN_SUSPICIOUS_MOVE = YES;
				CLANG_WARN_UNGUARDED_AVAILABILITY = YES_AGGRESSIVE;
				CLANG_WARN_UNREACHABLE_CODE = YES;
				CLANG_WARN__DUPLICATE_METHOD_MATCH = YES;
				COPY_PHASE_STRIP = NO;
				DEBUG_INFORMATION_FORMAT = "dwarf-with-dsym";
				ENABLE_NS_ASSERTIONS = NO;
				ENABLE_STRICT_OBJC_MSGSEND = YES;
				GCC_C_LANGUAGE_STANDARD = gnu11;
				GCC_NO_COMMON_BLOCKS = YES;
				GCC_WARN_64_TO_32_BIT_CONVERSION = YES;
				GCC_WARN_ABOUT_RETURN_TYPE = YES_ERROR;
				GCC_WARN_UNDECLARED_SELECTOR = YES;
				GCC_WARN_UNINITIALIZED_AUTOS = YES_AGGRESSIVE;
				GCC_WARN_UNUSED_FUNCTION = YES;
				GCC_WARN_UNUSED_VARIABLE = YES;
				IPHONEOS_DEPLOYMENT_TARGET = 14.0;
				MTL_ENABLE_DEBUG_INFO = NO;
				MTL_FAST_MATH = YES;
				SDKROOT = iphoneos;
				SWIFT_COMPILATION_MODE = wholemodule;
				SWIFT_OPTIMIZATION_LEVEL = "-O";
				VALIDATE_PRODUCT = YES;
			};
			name = Release;
		};
		8E6C75162532B3A100B37877 /* Debug */ = {
			isa = XCBuildConfiguration;
			buildSettings = {
				ASSETCATALOG_COMPILER_APPICON_NAME = AppIcon;
				ASSETCATALOG_COMPILER_GLOBAL_ACCENT_COLOR_NAME = AccentColor;
				CODE_SIGN_STYLE = Automatic;
				DEVELOPMENT_ASSET_PATHS = "\"FinalProject/Preview Content\"";
				ENABLE_PREVIEWS = YES;
				INFOPLIST_FILE = FinalProject/Info.plist;
				IPHONEOS_DEPLOYMENT_TARGET = 14.0;
				LD_RUNPATH_SEARCH_PATHS = (
					"$(inherited)",
					"@executable_path/Frameworks",
				);
				PRODUCT_BUNDLE_IDENTIFIER = me.chen.angela.FinalProject;
				PRODUCT_NAME = "$(TARGET_NAME)";
				SWIFT_VERSION = 5.0;
				TARGETED_DEVICE_FAMILY = "1,2";
			};
			name = Debug;
		};
		8E6C75172532B3A100B37877 /* Release */ = {
			isa = XCBuildConfiguration;
			buildSettings = {
				ASSETCATALOG_COMPILER_APPICON_NAME = AppIcon;
				ASSETCATALOG_COMPILER_GLOBAL_ACCENT_COLOR_NAME = AccentColor;
				CODE_SIGN_STYLE = Automatic;
				DEVELOPMENT_ASSET_PATHS = "\"FinalProject/Preview Content\"";
				ENABLE_PREVIEWS = YES;
				INFOPLIST_FILE = FinalProject/Info.plist;
				IPHONEOS_DEPLOYMENT_TARGET = 14.0;
				LD_RUNPATH_SEARCH_PATHS = (
					"$(inherited)",
					"@executable_path/Frameworks",
				);
				PRODUCT_BUNDLE_IDENTIFIER = me.chen.angela.FinalProject;
				PRODUCT_NAME = "$(TARGET_NAME)";
				SWIFT_VERSION = 5.0;
				TARGETED_DEVICE_FAMILY = "1,2";
			};
			name = Release;
		};
		8E6C75192532B3A100B37877 /* Debug */ = {
			isa = XCBuildConfiguration;
			buildSettings = {
				ALWAYS_EMBED_SWIFT_STANDARD_LIBRARIES = YES;
				BUNDLE_LOADER = "$(TEST_HOST)";
				CODE_SIGN_STYLE = Automatic;
				INFOPLIST_FILE = FinalProjectTests/Info.plist;
				IPHONEOS_DEPLOYMENT_TARGET = 14.0;
				LD_RUNPATH_SEARCH_PATHS = (
					"$(inherited)",
					"@executable_path/Frameworks",
					"@loader_path/Frameworks",
				);
				PRODUCT_BUNDLE_IDENTIFIER = me.chen.angela.FinalProjectTests;
				PRODUCT_NAME = "$(TARGET_NAME)";
				SWIFT_VERSION = 5.0;
				TARGETED_DEVICE_FAMILY = "1,2";
				TEST_HOST = "$(BUILT_PRODUCTS_DIR)/FinalProject.app/FinalProject";
			};
			name = Debug;
		};
		8E6C751A2532B3A100B37877 /* Release */ = {
			isa = XCBuildConfiguration;
			buildSettings = {
				ALWAYS_EMBED_SWIFT_STANDARD_LIBRARIES = YES;
				BUNDLE_LOADER = "$(TEST_HOST)";
				CODE_SIGN_STYLE = Automatic;
				INFOPLIST_FILE = FinalProjectTests/Info.plist;
				IPHONEOS_DEPLOYMENT_TARGET = 14.0;
				LD_RUNPATH_SEARCH_PATHS = (
					"$(inherited)",
					"@executable_path/Frameworks",
					"@loader_path/Frameworks",
				);
				PRODUCT_BUNDLE_IDENTIFIER = me.chen.angela.FinalProjectTests;
				PRODUCT_NAME = "$(TARGET_NAME)";
				SWIFT_VERSION = 5.0;
				TARGETED_DEVICE_FAMILY = "1,2";
				TEST_HOST = "$(BUILT_PRODUCTS_DIR)/FinalProject.app/FinalProject";
			};
			name = Release;
		};
		8E6C751C2532B3A100B37877 /* Debug */ = {
			isa = XCBuildConfiguration;
			buildSettings = {
				ALWAYS_EMBED_SWIFT_STANDARD_LIBRARIES = YES;
				CODE_SIGN_STYLE = Automatic;
				INFOPLIST_FILE = FinalProjectUITests/Info.plist;
				LD_RUNPATH_SEARCH_PATHS = (
					"$(inherited)",
					"@executable_path/Frameworks",
					"@loader_path/Frameworks",
				);
				PRODUCT_BUNDLE_IDENTIFIER = me.chen.angela.FinalProjectUITests;
				PRODUCT_NAME = "$(TARGET_NAME)";
				SWIFT_VERSION = 5.0;
				TARGETED_DEVICE_FAMILY = "1,2";
				TEST_TARGET_NAME = FinalProject;
			};
			name = Debug;
		};
		8E6C751D2532B3A100B37877 /* Release */ = {
			isa = XCBuildConfiguration;
			buildSettings = {
				ALWAYS_EMBED_SWIFT_STANDARD_LIBRARIES = YES;
				CODE_SIGN_STYLE = Automatic;
				INFOPLIST_FILE = FinalProjectUITests/Info.plist;
				LD_RUNPATH_SEARCH_PATHS = (
					"$(inherited)",
					"@executable_path/Frameworks",
					"@loader_path/Frameworks",
				);
				PRODUCT_BUNDLE_IDENTIFIER = me.chen.angela.FinalProjectUITests;
				PRODUCT_NAME = "$(TARGET_NAME)";
				SWIFT_VERSION = 5.0;
				TARGETED_DEVICE_FAMILY = "1,2";
				TEST_TARGET_NAME = FinalProject;
			};
			name = Release;
		};
/* End XCBuildConfiguration section */

/* Begin XCConfigurationList section */
		8E6C74EB2532B39E00B37877 /* Build configuration list for PBXProject "FinalProject" */ = {
			isa = XCConfigurationList;
			buildConfigurations = (
				8E6C75132532B3A100B37877 /* Debug */,
				8E6C75142532B3A100B37877 /* Release */,
			);
			defaultConfigurationIsVisible = 0;
			defaultConfigurationName = Release;
		};
		8E6C75152532B3A100B37877 /* Build configuration list for PBXNativeTarget "FinalProject" */ = {
			isa = XCConfigurationList;
			buildConfigurations = (
				8E6C75162532B3A100B37877 /* Debug */,
				8E6C75172532B3A100B37877 /* Release */,
			);
			defaultConfigurationIsVisible = 0;
			defaultConfigurationName = Release;
		};
		8E6C75182532B3A100B37877 /* Build configuration list for PBXNativeTarget "FinalProjectTests" */ = {
			isa = XCConfigurationList;
			buildConfigurations = (
				8E6C75192532B3A100B37877 /* Debug */,
				8E6C751A2532B3A100B37877 /* Release */,
			);
			defaultConfigurationIsVisible = 0;
			defaultConfigurationName = Release;
		};
		8E6C751B2532B3A100B37877 /* Build configuration list for PBXNativeTarget "FinalProjectUITests" */ = {
			isa = XCConfigurationList;
			buildConfigurations = (
				8E6C751C2532B3A100B37877 /* Debug */,
				8E6C751D2532B3A100B37877 /* Release */,
			);
			defaultConfigurationIsVisible = 0;
			defaultConfigurationName = Release;
		};
/* End XCConfigurationList section */
	};
	rootObject = 8E6C74E82532B39E00B37877 /* Project object */;
}
